
Microsoft Visual Studio Solution File, Format Version 12.00
# Visual Studio Version 17
VisualStudioVersion = 17.7.34024.191
MinimumVisualStudioVersion = 10.0.40219.1
Project("{9A19103F-16F7-4668-BE54-9A1E7A4F7556}") = "NeuroAccessMaui", "NeuroAccessMaui\NeuroAccessMaui.csproj", "{B7E8FC5E-3AA0-489F-92DE-0D8FC8C66169}"
EndProject
Project("{2150E333-8FDC-42A3-9474-1A3956D46DE8}") = "Solution Files", "Solution Files", "{5DA6AEA9-D7C0-48B6-BB8E-A968392A4AB0}"
	ProjectSection(SolutionItems) = preProject
		.editorconfig = .editorconfig
		.gitattributes = .gitattributes
		.gitignore = .gitignore
		Directory.Build.props = Directory.Build.props
	EndProjectSection
EndProject
Global
	GlobalSection(SolutionConfigurationPlatforms) = preSolution
		Debug|Any CPU = Debug|Any CPU
		Release|Any CPU = Release|Any CPU
	EndGlobalSection
	GlobalSection(ProjectConfigurationPlatforms) = postSolution
		{B7E8FC5E-3AA0-489F-92DE-0D8FC8C66169}.Debug|Any CPU.ActiveCfg = Debug|Any CPU
		{B7E8FC5E-3AA0-489F-92DE-0D8FC8C66169}.Debug|Any CPU.Build.0 = Debug|Any CPU
		{B7E8FC5E-3AA0-489F-92DE-0D8FC8C66169}.Debug|Any CPU.Deploy.0 = Debug|Any CPU
		{B7E8FC5E-3AA0-489F-92DE-0D8FC8C66169}.Release|Any CPU.ActiveCfg = Release|Any CPU
		{B7E8FC5E-3AA0-489F-92DE-0D8FC8C66169}.Release|Any CPU.Build.0 = Release|Any CPU
		{B7E8FC5E-3AA0-489F-92DE-0D8FC8C66169}.Release|Any CPU.Deploy.0 = Release|Any CPU
	EndGlobalSection
	GlobalSection(SolutionProperties) = preSolution
		HideSolutionNode = FALSE
	EndGlobalSection
	GlobalSection(ExtensibilityGlobals) = postSolution
		SolutionGuid = {CED2E309-3333-417B-92B8-7E7188269EC2}
	EndGlobalSection
EndGlobal
