Microsoft Visual Studio Solution File, Format Version 12.00
# Visual Studio Version 17
VisualStudioVersion = 17.5.2.0
MinimumVisualStudioVersion = 10.0.40219.1
Project("{FAE04EC0-301F-11D3-BF4B-00C04F79EFBC}") = "NeuroAccessMaui", "NeuroAccessMaui.csproj", "{27B6A1F3-19D1-563C-A9D9-FCFCD133F359}"
EndProject
Global
	GlobalSection(SolutionConfigurationPlatforms) = preSolution
		Debug|Any CPU = Debug|Any CPU
		Release|Any CPU = Release|Any CPU
	EndGlobalSection
	GlobalSection(ProjectConfigurationPlatforms) = postSolution
		{27B6A1F3-19D1-563C-A9D9-FCFCD133F359}.Debug|Any CPU.ActiveCfg = Debug|Any CPU
		{27B6A1F3-19D1-563C-A9D9-FCFCD133F359}.Debug|Any CPU.Build.0 = Debug|Any CPU
		{27B6A1F3-19D1-563C-A9D9-FCFCD133F359}.Release|Any CPU.ActiveCfg = Release|Any CPU
		{27B6A1F3-19D1-563C-A9D9-FCFCD133F359}.Release|Any CPU.Build.0 = Release|Any CPU
	EndGlobalSection
	GlobalSection(SolutionProperties) = preSolution
		HideSolutionNode = FALSE
	EndGlobalSection
	GlobalSection(ExtensibilityGlobals) = postSolution
		SolutionGuid = {5F7D5BB7-DFDF-45E0-B0A1-5CFAC59BE497}
	EndGlobalSection
EndGlobal
